
Microsoft Visual Studio Solution File, Format Version 12.00
# Visual Studio 15
Project("{FAE04EC0-301F-11D3-BF4B-00C04F79EFBC}") = "Assembly-CSharp", "Assembly-CSharp.csproj", "{C7B31F80-104A-351D-260E-1348DC1FE62A}"
EndProject
Project("{FAE04EC0-301F-11D3-BF4B-00C04F79EFBC}") = "Unity.XR.Interaction.Toolkit.Samples.StarterAssets", "Unity.XR.Interaction.Toolkit.Samples.StarterAssets.csproj", "{01205BAF-A7F0-D4B3-61AB-CB7CB3CB2DC6}"
EndProject
Project("{FAE04EC0-301F-11D3-BF4B-00C04F79EFBC}") = "Assembly-CSharp-firstpass", "Assembly-CSharp-firstpass.csproj", "{7677C9CD-7251-BFB7-59B3-43665901B926}"
EndProject
Project("{FAE04EC0-301F-11D3-BF4B-00C04F79EFBC}") = "Assembly-CSharp-Editor", "Assembly-CSharp-Editor.csproj", "{668D562B-B6C4-A28E-D6BB-A7902C269131}"
EndProject
Global
	GlobalSection(SolutionConfigurationPlatforms) = preSolution
		Debug|Any CPU = Debug|Any CPU
		Release|Any CPU = Release|Any CPU
	EndGlobalSection
	GlobalSection(ProjectConfigurationPlatforms) = postSolution
		{C7B31F80-104A-351D-260E-1348DC1FE62A}.Debug|Any CPU.ActiveCfg = Debug|Any CPU
		{C7B31F80-104A-351D-260E-1348DC1FE62A}.Debug|Any CPU.Build.0 = Debug|Any CPU
		{C7B31F80-104A-351D-260E-1348DC1FE62A}.Release|Any CPU.ActiveCfg = Release|Any CPU
		{C7B31F80-104A-351D-260E-1348DC1FE62A}.Release|Any CPU.Build.0 = Release|Any CPU
		{01205BAF-A7F0-D4B3-61AB-CB7CB3CB2DC6}.Debug|Any CPU.ActiveCfg = Debug|Any CPU
		{01205BAF-A7F0-D4B3-61AB-CB7CB3CB2DC6}.Debug|Any CPU.Build.0 = Debug|Any CPU
		{01205BAF-A7F0-D4B3-61AB-CB7CB3CB2DC6}.Release|Any CPU.ActiveCfg = Release|Any CPU
		{01205BAF-A7F0-D4B3-61AB-CB7CB3CB2DC6}.Release|Any CPU.Build.0 = Release|Any CPU
		{7677C9CD-7251-BFB7-59B3-43665901B926}.Debug|Any CPU.ActiveCfg = Debug|Any CPU
		{7677C9CD-7251-BFB7-59B3-43665901B926}.Debug|Any CPU.Build.0 = Debug|Any CPU
		{7677C9CD-7251-BFB7-59B3-43665901B926}.Release|Any CPU.ActiveCfg = Release|Any CPU
		{7677C9CD-7251-BFB7-59B3-43665901B926}.Release|Any CPU.Build.0 = Release|Any CPU
		{668D562B-B6C4-A28E-D6BB-A7902C269131}.Debug|Any CPU.ActiveCfg = Debug|Any CPU
		{668D562B-B6C4-A28E-D6BB-A7902C269131}.Debug|Any CPU.Build.0 = Debug|Any CPU
		{668D562B-B6C4-A28E-D6BB-A7902C269131}.Release|Any CPU.ActiveCfg = Release|Any CPU
		{668D562B-B6C4-A28E-D6BB-A7902C269131}.Release|Any CPU.Build.0 = Release|Any CPU
	EndGlobalSection
	GlobalSection(SolutionProperties) = preSolution
		HideSolutionNode = FALSE
	EndGlobalSection
EndGlobal
